
Microsoft Visual Studio Solution File, Format Version 12.00
# Visual Studio Version 17
VisualStudioVersion = 17.7.33711.374
MinimumVisualStudioVersion = 10.0.40219.1
Project("{FAE04EC0-301F-11D3-BF4B-00C04F79EFBC}") = "Xboxcmd", "Xboxcmd.csproj", "{3A7E4F3B-CA81-4965-9A3E-9E12FB5D58BC}"
EndProject
Global
	GlobalSection(SolutionConfigurationPlatforms) = preSolution
		Debug|Any CPU = Debug|Any CPU
		Release|Any CPU = Release|Any CPU
	EndGlobalSection
	GlobalSection(ProjectConfigurationPlatforms) = postSolution
		{3A7E4F3B-CA81-4965-9A3E-9E12FB5D58BC}.Debug|Any CPU.ActiveCfg = Debug|Any CPU
		{3A7E4F3B-CA81-4965-9A3E-9E12FB5D58BC}.Debug|Any CPU.Build.0 = Debug|Any CPU
		{3A7E4F3B-CA81-4965-9A3E-9E12FB5D58BC}.Release|Any CPU.ActiveCfg = Release|Any CPU
		{3A7E4F3B-CA81-4965-9A3E-9E12FB5D58BC}.Release|Any CPU.Build.0 = Release|Any CPU
	EndGlobalSection
	GlobalSection(SolutionProperties) = preSolution
		HideSolutionNode = FALSE
	EndGlobalSection
	GlobalSection(ExtensibilityGlobals) = postSolution
		SolutionGuid = {52DFE86E-44ED-47DD-8E97-C9AB990D2952}
	EndGlobalSection
EndGlobal
